{
  "nodes": {
    "alejandra": {
      "inputs": {
        "flakeCompat": "flakeCompat",
        "nixpkgs": [
          "helix",
          "nixCargoIntegration",
          "dream2nix",
          "nixpkgs"
        ]
      },
      "locked": {
        "lastModified": 1652974241,
        "narHash": "sha256-0AolxQtKj3Oek0WSbODDpPVO5Ih8PXHOA3qXEKPB4dQ=",
        "owner": "kamadorueda",
        "repo": "alejandra",
        "rev": "0be1462419fc73270a5dc0f84f8092603890b029",
        "type": "github"
      },
      "original": {
        "owner": "kamadorueda",
        "repo": "alejandra",
        "type": "github"
      }
    },
    "crane": {
      "flake": false,
      "locked": {
        "lastModified": 1644785799,
        "narHash": "sha256-VpAJO1L0XeBvtCuNGK4IDKp6ENHIpTrlaZT7yfBCvwo=",
        "owner": "ipetkov",
        "repo": "crane",
        "rev": "fc7a94f841347c88f2cb44217b2a3faa93e2a0b2",
        "type": "github"
      },
      "original": {
        "owner": "ipetkov",
        "repo": "crane",
        "type": "github"
      }
    },
    "darwin": {
      "inputs": {
        "nixpkgs": [
          "nixpkgs"
        ]
      },
      "locked": {
        "lastModified": 1651916036,
        "narHash": "sha256-UuD9keUGm4IuVEV6wdSYbuRm7CwfXE63hVkzKDjVsh4=",
        "owner": "lnl7",
        "repo": "nix-darwin",
        "rev": "2f2bdf658d2b79bada78dc914af99c53cad37cba",
        "type": "github"
      },
      "original": {
        "owner": "lnl7",
        "ref": "master",
        "repo": "nix-darwin",
        "type": "github"
      }
    },
    "deploy-rs": {
      "inputs": {
        "flake-compat": "flake-compat",
        "nixpkgs": [
          "nixpkgs"
        ],
        "utils": "utils"
      },
      "locked": {
        "lastModified": 1653594315,
        "narHash": "sha256-kJ0ENmnQJ4qL2FeYKZba9kvv1KmIuB3NVpBwMeI7AJQ=",
        "owner": "serokell",
        "repo": "deploy-rs",
        "rev": "184349d8149436748986d1bdba087e4149e9c160",
        "type": "github"
      },
      "original": {
        "owner": "serokell",
        "repo": "deploy-rs",
        "type": "github"
      }
    },
    "devshell": {
      "inputs": {
        "flake-utils": "flake-utils",
        "nixpkgs": "nixpkgs"
      },
      "locked": {
        "lastModified": 1652959711,
        "narHash": "sha256-wpQhlE/NocxlU3jLiMoF1KYHOEFD5MEFJZkyXXVVef8=",
        "owner": "numtide",
        "repo": "devshell",
        "rev": "a5327cd01e58d2848c73062f2661278ad615748f",
        "type": "github"
      },
      "original": {
        "owner": "numtide",
        "repo": "devshell",
        "type": "github"
      }
    },
    "dream2nix": {
      "inputs": {
        "alejandra": "alejandra",
        "crane": "crane",
        "flake-utils-pre-commit": "flake-utils-pre-commit",
        "gomod2nix": "gomod2nix",
        "mach-nix": "mach-nix",
        "nixpkgs": "nixpkgs_2",
        "node2nix": "node2nix",
        "poetry2nix": "poetry2nix",
        "pre-commit-hooks": "pre-commit-hooks"
      },
      "locked": {
        "lastModified": 1653135531,
        "narHash": "sha256-pYwJrEQrG8BgeVcI+lveK3KbOBDx9MT28HxV09v+jgI=",
        "owner": "nix-community",
        "repo": "dream2nix",
        "rev": "4b3dfb101fd2fdbe25bd128072f138276aa4bc82",
        "type": "github"
      },
      "original": {
        "owner": "nix-community",
        "repo": "dream2nix",
        "type": "github"
      }
    },
    "flake-compat": {
      "flake": false,
      "locked": {
        "lastModified": 1648199409,
        "narHash": "sha256-JwPKdC2PoVBkG6E+eWw3j6BMR6sL3COpYWfif7RVb8Y=",
        "owner": "edolstra",
        "repo": "flake-compat",
        "rev": "64a525ee38886ab9028e6f61790de0832aa3ef03",
        "type": "github"
      },
      "original": {
        "owner": "edolstra",
        "repo": "flake-compat",
        "type": "github"
      }
    },
    "flake-utils": {
      "locked": {
        "lastModified": 1642700792,
        "narHash": "sha256-XqHrk7hFb+zBvRg6Ghl+AZDq03ov6OshJLiSWOoX5es=",
        "owner": "numtide",
        "repo": "flake-utils",
        "rev": "846b2ae0fc4cc943637d3d1def4454213e203cba",
        "type": "github"
      },
      "original": {
        "owner": "numtide",
        "repo": "flake-utils",
        "type": "github"
      }
    },
    "flake-utils-pre-commit": {
      "locked": {
        "lastModified": 1652776076,
        "narHash": "sha256-gzTw/v1vj4dOVbpBSJX4J0DwUR6LIyXo7/SuuTJp1kM=",
        "owner": "numtide",
        "repo": "flake-utils",
        "rev": "04c1b180862888302ddfb2e3ad9eaa63afc60cf8",
        "type": "github"
      },
      "original": {
        "owner": "numtide",
        "repo": "flake-utils",
        "type": "github"
      }
    },
    "flake-utils_2": {
      "locked": {
        "lastModified": 1637014545,
        "narHash": "sha256-26IZAc5yzlD9FlDT54io1oqG/bBoyka+FJk5guaX4x4=",
        "owner": "numtide",
        "repo": "flake-utils",
        "rev": "bba5dcc8e0b20ab664967ad83d24d64cb64ec4f4",
        "type": "github"
      },
      "original": {
        "owner": "numtide",
        "repo": "flake-utils",
        "type": "github"
      }
    },
    "flakeCompat": {
      "flake": false,
      "locked": {
        "lastModified": 1648199409,
        "narHash": "sha256-JwPKdC2PoVBkG6E+eWw3j6BMR6sL3COpYWfif7RVb8Y=",
        "owner": "edolstra",
        "repo": "flake-compat",
        "rev": "64a525ee38886ab9028e6f61790de0832aa3ef03",
        "type": "github"
      },
      "original": {
        "owner": "edolstra",
        "repo": "flake-compat",
        "type": "github"
      }
    },
    "gomod2nix": {
      "flake": false,
      "locked": {
        "lastModified": 1653566221,
        "narHash": "sha256-yjZPif1r+5EdA9Buz0N8+HjgflLEiX2Ak/ZAIeuRPk4=",
        "owner": "tweag",
        "repo": "gomod2nix",
        "rev": "8cb0e010cf3d3e7448f8bff0e7c47a290dae127c",
        "type": "github"
      },
      "original": {
        "owner": "tweag",
        "repo": "gomod2nix",
        "type": "github"
      }
    },
    "helix": {
      "inputs": {
        "nixCargoIntegration": "nixCargoIntegration",
        "nixpkgs": [
          "nixpkgs"
        ],
        "rust-overlay": "rust-overlay"
      },
      "locked": {
        "lastModified": 1653754050,
        "narHash": "sha256-wIc7ipCAgj4gHirM02EkyAGEplB4XFd3uTpoGgVW/P8=",
        "owner": "helix-editor",
        "repo": "helix",
        "rev": "27609f50652e28b9bb7a190322fbb8f7c4479c28",
        "type": "github"
      },
      "original": {
        "owner": "helix-editor",
        "ref": "22.05",
        "repo": "helix",
        "type": "github"
      }
    },
    "home-manager": {
      "inputs": {
        "nixpkgs": [
          "nixpkgs"
        ]
      },
      "locked": {
        "lastModified": 1653518057,
        "narHash": "sha256-cam3Nfae5ADeEs6mRPzr0jXB7+DhyMIXz0/0Q13r/yk=",
        "owner": "nix-community",
        "repo": "home-manager",
        "rev": "64831f938bd413cefde0b0cf871febc494afaa4f",
        "type": "github"
      },
      "original": {
        "owner": "nix-community",
        "repo": "home-manager",
        "type": "github"
      }
    },
    "mach-nix": {
      "flake": false,
      "locked": {
        "lastModified": 1650921294,
        "narHash": "sha256-UCAtw0VoZQBQ4TTBLswR+mXINT7oC/LPesrMw/ULPDE=",
        "owner": "DavHau",
        "repo": "mach-nix",
        "rev": "26f06e415a74dc10727cf9c9a40c83b635238900",
        "type": "github"
      },
      "original": {
        "id": "mach-nix",
        "type": "indirect"
      }
    },
    "nixCargoIntegration": {
      "inputs": {
        "devshell": "devshell",
        "dream2nix": "dream2nix",
        "nixpkgs": "nixpkgs_3",
        "rustOverlay": "rustOverlay"
      },
      "locked": {
        "lastModified": 1653286465,
        "narHash": "sha256-CEI2prA74sy9SgAJKdDpyAMv1nnp91c8e5Fw9QbtR/Q=",
        "owner": "yusdacra",
        "repo": "nix-cargo-integration",
        "rev": "95efd76ab68b20aba45b7d647460319b88c2a4c0",
        "type": "github"
      },
      "original": {
        "owner": "yusdacra",
        "repo": "nix-cargo-integration",
        "type": "github"
      }
    },
    "nixpkgs": {
      "locked": {
        "lastModified": 1653738054,
        "narHash": "sha256-IaR8iLN4Ms3f5EjU1CJkXSc49ZzyS5qv03DtVAti6/s=",
        "owner": "NixOS",
        "repo": "nixpkgs",
        "rev": "17b62c338f2a0862a58bb6951556beecd98ccda9",
        "type": "github"
      },
      "original": {
        "owner": "NixOS",
        "ref": "nixpkgs-unstable",
        "repo": "nixpkgs",
        "type": "github"
      }
    },
    "nixpkgs_2": {
      "locked": {
        "lastModified": 1653581809,
        "narHash": "sha256-Uvka0V5MTGbeOfWte25+tfRL3moECDh1VwokWSZUdoY=",
        "owner": "NixOS",
        "repo": "nixpkgs",
        "rev": "83658b28fe638a170a19b8933aa008b30640fbd1",
        "type": "github"
      },
      "original": {
        "id": "nixpkgs",
        "ref": "nixos-unstable",
        "type": "indirect"
      }
    },
    "nixpkgs_3": {
      "locked": {
        "lastModified": 1653581809,
        "narHash": "sha256-Uvka0V5MTGbeOfWte25+tfRL3moECDh1VwokWSZUdoY=",
        "owner": "NixOS",
        "repo": "nixpkgs",
        "rev": "83658b28fe638a170a19b8933aa008b30640fbd1",
        "type": "github"
      },
      "original": {
        "owner": "NixOS",
        "ref": "nixos-unstable",
        "repo": "nixpkgs",
        "type": "github"
      }
    },
    "nixpkgs_4": {
      "locked": {
        "lastModified": 1653738054,
        "narHash": "sha256-IaR8iLN4Ms3f5EjU1CJkXSc49ZzyS5qv03DtVAti6/s=",
        "owner": "NixOS",
        "repo": "nixpkgs",
        "rev": "17b62c338f2a0862a58bb6951556beecd98ccda9",
        "type": "github"
      },
      "original": {
        "owner": "NixOS",
        "ref": "nixpkgs-unstable",
        "repo": "nixpkgs",
        "type": "github"
      }
    },
    "nixpkgs_5": {
      "locked": {
        "lastModified": 1653757375,
        "narHash": "sha256-Z32lJBuMtFXPteka4fx6aleeOU7aR1btjd3OEDZm5h8=",
        "owner": "nixos",
        "repo": "nixpkgs",
        "rev": "f37f4ab9756bf5e7313ee351a98efbf2ff536a96",
        "type": "github"
      },
      "original": {
        "owner": "nixos",
        "ref": "master",
        "repo": "nixpkgs",
        "type": "github"
      }
    },
    "node2nix": {
      "flake": false,
      "locked": {
        "lastModified": 1653227418,
        "narHash": "sha256-UdGGwdFQ2JzPSjE48QA2Ugqg1icQCjTNDW1HmHi68Zc=",
        "owner": "svanderburg",
        "repo": "node2nix",
        "rev": "9377fe4a45274fab0c7faba4f7c43ffae8421dd2",
        "type": "github"
      },
      "original": {
        "owner": "svanderburg",
        "repo": "node2nix",
        "type": "github"
      }
    },
    "poetry2nix": {
      "flake": false,
      "locked": {
        "lastModified": 1632969109,
        "narHash": "sha256-jPDclkkiAy5m2gGLBlKgH+lQtbF7tL4XxBrbSzw+Ioc=",
        "owner": "nix-community",
        "repo": "poetry2nix",
        "rev": "aee8f04296c39d88155e05d25cfc59dfdd41cc77",
        "type": "github"
      },
      "original": {
        "owner": "nix-community",
        "ref": "1.21.0",
        "repo": "poetry2nix",
        "type": "github"
      }
    },
    "pre-commit-hooks": {
      "inputs": {
        "flake-utils": [
          "helix",
          "nixCargoIntegration",
          "dream2nix",
          "flake-utils-pre-commit"
        ],
        "nixpkgs": [
          "helix",
          "nixCargoIntegration",
          "dream2nix",
          "nixpkgs"
        ]
      },
      "locked": {
        "lastModified": 1652714503,
        "narHash": "sha256-qQKVEfDe5FqvGgkZtg5Pc491foeiDPIOeycHMqnPDps=",
        "owner": "cachix",
        "repo": "pre-commit-hooks.nix",
        "rev": "521a524771a8e93caddaa0ac1d67d03766a8b0b3",
        "type": "github"
      },
      "original": {
        "owner": "cachix",
        "repo": "pre-commit-hooks.nix",
        "type": "github"
      }
    },
    "root": {
      "inputs": {
        "darwin": "darwin",
        "deploy-rs": "deploy-rs",
        "helix": "helix",
        "home-manager": "home-manager",
        "nixpkgs": "nixpkgs_5"
      }
    },
    "rust-overlay": {
      "inputs": {
        "flake-utils": "flake-utils_2",
        "nixpkgs": "nixpkgs_4"
      },
      "locked": {
        "lastModified": 1653273659,
        "narHash": "sha256-dHXYaNL1axhZZyiZXxt1WKhvZrYXq7bjCs3y5VjgyGI=",
        "owner": "oxalica",
        "repo": "rust-overlay",
        "rev": "0fa3e01da1ce98e3b40063b8e2678095943402b1",
        "type": "github"
      },
      "original": {
        "owner": "oxalica",
        "repo": "rust-overlay",
        "type": "github"
      }
    },
    "rustOverlay": {
      "flake": false,
      "locked": {
        "lastModified": 1653705363,
        "narHash": "sha256-pSURjLmfeE9zMRzrxzWn4WPx3cGvcTSJB58LRFSZY74=",
        "owner": "oxalica",
        "repo": "rust-overlay",
        "rev": "0be302358da0f8ea3d3cc24a0639b6354fc45e7c",
        "type": "github"
      },
      "original": {
        "owner": "oxalica",
        "repo": "rust-overlay",
        "type": "github"
      }
    },
    "utils": {
      "locked": {
        "lastModified": 1648297722,
        "narHash": "sha256-W+qlPsiZd8F3XkzXOzAoR+mpFqzm3ekQkJNa+PIh1BQ=",
        "owner": "numtide",
        "repo": "flake-utils",
        "rev": "0f8662f1319ad6abf89b3380dd2722369fc51ade",
        "type": "github"
      },
      "original": {
        "owner": "numtide",
        "repo": "flake-utils",
        "type": "github"
      }
    }
  },
  "root": "root",
  "version": 7
}
